dependencies:
- name: common
  repository: file://./charts/_common
  version: 0.1.0
- name: redis
  repository: https://charts.bitnami.com/bitnami
  version: 24.1.6
- name: rabbitmq
  repository: https://charts.bitnami.com/bitnami
  version: 16.0.14
- name: user
  repository: file://./charts/user
  version: 0.1.0
- name: web
  repository: file://./charts/web
  version: 0.1.0
- name: mysql
  repository: file://./charts/mysql
  version: 0.1.0
- name: ratings
  repository: file://./charts/ratings
  version: 0.1.0
- name: dispatch
  repository: file://./charts/dispatch
  version: 0.1.0
- name: cart
  repository: file://./charts/cart
  version: 0.1.0
- name: catalogue
  repository: file://./charts/catalogue
  version: 0.1.0
- name: mongodb
  repository: file://./charts/mongodb
  version: 0.1.0
- name: shipping
  repository: file://./charts/shipping
  version: 0.1.0
- name: payment
  repository: file://./charts/payment
  version: 0.1.0
digest: sha256:08e72469742d17d6a82a8cb801522a86090b5f7f716d0d9d113a16131246e052
generated: "2026-02-13T09:15:49.882984438+02:00"
